
Microsoft Visual Studio Solution File, Format Version 12.00
# Visual Studio Version 17
VisualStudioVersion = 17.2.32630.192
MinimumVisualStudioVersion = 10.0.40219.1
Project("{FAE04EC0-301F-11D3-BF4B-00C04F79EFBC}") = "WebApi", "WebApi\WebApi.csproj", "{555B3F25-8533-45A2-ADBF-EB2334D28154}"
EndProject
Global
	GlobalSection(SolutionConfigurationPlatforms) = preSolution
		Debug|Any CPU = Debug|Any CPU
		Release|Any CPU = Release|Any CPU
	EndGlobalSection
	GlobalSection(ProjectConfigurationPlatforms) = postSolution
		{555B3F25-8533-45A2-ADBF-EB2334D28154}.Debug|Any CPU.ActiveCfg = Debug|Any CPU
		{555B3F25-8533-45A2-ADBF-EB2334D28154}.Debug|Any CPU.Build.0 = Debug|Any CPU
		{555B3F25-8533-45A2-ADBF-EB2334D28154}.Release|Any CPU.ActiveCfg = Release|Any CPU
		{555B3F25-8533-45A2-ADBF-EB2334D28154}.Release|Any CPU.Build.0 = Release|Any CPU
	EndGlobalSection
	GlobalSection(SolutionProperties) = preSolution
		HideSolutionNode = FALSE
	EndGlobalSection
	GlobalSection(ExtensibilityGlobals) = postSolution
		SolutionGuid = {27094927-90D0-407B-8DD4-535A3AAFEC5F}
	EndGlobalSection
EndGlobal
